{
  "name": "videolearning",
  "requires": true,
  "lockfileVersion": 1,
  "dependencies": {
    "@expo/videoplayer": {
      "version": "0.4.0",
      "resolved": "https://registry.npmjs.org/@expo/videoplayer/-/videoplayer-0.4.0.tgz",
      "integrity": "sha512-QCAD3YztsvlYM4yqkHE1kfUj2Duv4VVq+0gzYWDdJVC+Tnx1/a8spA3pfTL5eLefHsAOZi56VGf0wIHTtoHx9g==",
      "requires": {
        "prop-types": "15.6.2",
        "react-mixin": "3.1.1",
        "react-timer-mixin": "0.13.4"
      }
    },
    "js-tokens": {
      "version": "4.0.0",
      "resolved": "https://registry.npmjs.org/js-tokens/-/js-tokens-4.0.0.tgz",
      "integrity": "sha512-RdJUflcE3cUzKiMqQgsCu06FPu9UdIJO0beYbPhHN4k6apgJtifcoCtT9bcxOpYBtpD2kCM6Sbzg4CausW/PKQ=="
    },
    "loose-envify": {
      "version": "1.4.0",
      "resolved": "https://registry.npmjs.org/loose-envify/-/loose-envify-1.4.0.tgz",
      "integrity": "sha512-lyuxPGr/Wfhrlem2CL/UcnUc1zcqKAImBDzukY7Y5F/yQiNdko6+fRLevlw1HgMySw7f611UIY408EtxRSoK3Q==",
      "requires": {
        "js-tokens": "4.0.0"
      }
    },
    "object-assign": {
      "version": "4.1.1",
      "resolved": "https://registry.npmjs.org/object-assign/-/object-assign-4.1.1.tgz",
      "integrity": "sha1-IQmtx5ZYh8/AXLvUQsrIv7s2CGM="
    },
    "prop-types": {
      "version": "15.6.2",
      "resolved": "https://registry.npmjs.org/prop-types/-/prop-types-15.6.2.tgz",
      "integrity": "sha512-3pboPvLiWD7dkI3qf3KbUe6hKFKa52w+AE0VCqECtf+QHAKgOL37tTaNCnuX1nAAQ4ZhyP+kYVKf8rLmJ/feDQ==",
      "requires": {
        "loose-envify": "1.4.0",
        "object-assign": "4.1.1"
      }
    },
    "react-mixin": {
      "version": "3.1.1",
      "resolved": "https://registry.npmjs.org/react-mixin/-/react-mixin-3.1.1.tgz",
      "integrity": "sha512-z9fZ0aCRDjlgxLdMeWkJ9TwhmVLhQ09r8RFpin/cEPA2T6jsb7YHNWcIe0Oii+hhJNyMymdy91CSya5mRkuCkg==",
      "requires": {
        "object-assign": "4.1.1",
        "smart-mixin": "2.0.0"
      }
    },
    "react-timer-mixin": {
      "version": "0.13.4",
      "resolved": "https://registry.npmjs.org/react-timer-mixin/-/react-timer-mixin-0.13.4.tgz",
      "integrity": "sha512-4+ow23tp/Tv7hBM5Az5/Be/eKKF7DIvJ09voz5LyHGQaqqz9WV8YMs31eFvcYQs7d451LSg7kDJV70XYN/Ug/Q=="
    },
    "smart-mixin": {
      "version": "2.0.0",
      "resolved": "https://registry.npmjs.org/smart-mixin/-/smart-mixin-2.0.0.tgz",
      "integrity": "sha1-o0oQVeMqdbMNK048oyPcmctT9Dc="
    }
  }
}
